
Microsoft Visual Studio Solution File, Format Version 12.00
# Visual Studio Express 2013 for Windows Desktop
VisualStudioVersion = 12.0.31101.0
MinimumVisualStudioVersion = 10.0.40219.1
Project("{8BC9CEB8-8B4A-11D0-8D11-00A0C91BC942}") = "SFMLGame2", "SFMLGame2\SFMLGame2.vcxproj", "{FD5AA415-17FB-45E6-9043-9CF28993D822}"
EndProject
Project("{8BC9CEB8-8B4A-11D0-8D11-00A0C91BC942}") = "DevTool", "DevTool\DevTool.vcxproj", "{F06A6F23-B166-4AA4-AFC8-A43045B8E00D}"
EndProject
Global
	GlobalSection(SolutionConfigurationPlatforms) = preSolution
		Debug Static|Win32 = Debug Static|Win32
		Debug|Win32 = Debug|Win32
		Release Static|Win32 = Release Static|Win32
		Release|Win32 = Release|Win32
	EndGlobalSection
	GlobalSection(ProjectConfigurationPlatforms) = postSolution
		{FD5AA415-17FB-45E6-9043-9CF28993D822}.Debug Static|Win32.ActiveCfg = Debug Static|Win32
		{FD5AA415-17FB-45E6-9043-9CF28993D822}.Debug Static|Win32.Build.0 = Debug Static|Win32
		{FD5AA415-17FB-45E6-9043-9CF28993D822}.Debug|Win32.ActiveCfg = Debug|Win32
		{FD5AA415-17FB-45E6-9043-9CF28993D822}.Debug|Win32.Build.0 = Debug|Win32
		{FD5AA415-17FB-45E6-9043-9CF28993D822}.Release Static|Win32.ActiveCfg = Release Static|Win32
		{FD5AA415-17FB-45E6-9043-9CF28993D822}.Release Static|Win32.Build.0 = Release Static|Win32
		{FD5AA415-17FB-45E6-9043-9CF28993D822}.Release|Win32.ActiveCfg = Release|Win32
		{FD5AA415-17FB-45E6-9043-9CF28993D822}.Release|Win32.Build.0 = Release|Win32
		{F06A6F23-B166-4AA4-AFC8-A43045B8E00D}.Debug Static|Win32.ActiveCfg = Debug Static|Win32
		{F06A6F23-B166-4AA4-AFC8-A43045B8E00D}.Debug Static|Win32.Build.0 = Debug Static|Win32
		{F06A6F23-B166-4AA4-AFC8-A43045B8E00D}.Debug|Win32.ActiveCfg = Debug|Win32
		{F06A6F23-B166-4AA4-AFC8-A43045B8E00D}.Debug|Win32.Build.0 = Debug|Win32
		{F06A6F23-B166-4AA4-AFC8-A43045B8E00D}.Release Static|Win32.ActiveCfg = Release Static|Win32
		{F06A6F23-B166-4AA4-AFC8-A43045B8E00D}.Release Static|Win32.Build.0 = Release Static|Win32
		{F06A6F23-B166-4AA4-AFC8-A43045B8E00D}.Release|Win32.ActiveCfg = Release|Win32
		{F06A6F23-B166-4AA4-AFC8-A43045B8E00D}.Release|Win32.Build.0 = Release|Win32
	EndGlobalSection
	GlobalSection(SolutionProperties) = preSolution
		HideSolutionNode = FALSE
	EndGlobalSection
EndGlobal
